{
  "name": "simple_hello_hi",
  "version": "1.0.0",
  "lockfileVersion": 1,
  "requires": true,
  "dependencies": {
    "inputsync": {
      "version": "1.0.6",
      "resolved": "https://registry.npmjs.org/inputsync/-/inputsync-1.0.6.tgz",
      "integrity": "sha512-J8IfUzkziY8Ml1uHbsA+phWsccfvKO4uhTn3dtQHEgJcYqOB7GgYQjRhKexpzmp94JdgGmnd6T4vXO7o2/Mjxw=="
    }
  }
}
